{
    "hash": "031808a8201102dca3f22f809e79c0cd",
    "packages": [
        {
            "name": "zendframework/zendframework1",
            "version": "1.12.3",
            "source": {
                "type": "git",
                "url": "https://github.com/zendframework/zf1.git",
                "reference": "release-1.12.3"
            },
            "dist": {
                "type": "zip",
                "url": "https://api.github.com/repos/zendframework/zf1/zipball/release-1.12.3",
                "reference": "release-1.12.3",
                "shasum": ""
            },
            "require": {
                "php": ">=5.2.11"
            },
            "type": "library",
            "extra": {
                "branch-alias": {
                    "dev-trunk": "1.12.x-dev",
                    "dev-release-1.0": "1.0.x-dev",
                    "dev-release-1.5": "1.5.x-dev",
                    "dev-release-1.6": "1.6.x-dev",
                    "dev-release-1.7": "1.7.x-dev",
                    "dev-release-1.8": "1.8.x-dev",
                    "dev-release-1.9": "1.9.x-dev",
                    "dev-release-1.10": "1.10.x-dev",
                    "dev-release-1.11": "1.11.x-dev"
                }
            },
            "autoload": {
                "psr-0": {
                    "Zend": "library/"
                }
            },
            "notification-url": "https://packagist.org/downloads/",
            "include-path": [
                "library/"
            ],
            "license": [
                "BSD-3-Clause"
            ],
            "description": "Zend Framework 1",
            "homepage": "http://framework.zend.com/",
            "keywords": [
                "ZF1",
                "framework"
            ],
            "time": "2013-03-13 16:53:12"
        }
    ],
    "packages-dev": [
        {
            "name": "internations/testing-component",
            "version": "0.2",
            "source": {
                "type": "git",
                "url": "https://github.com/InterNations/TestingComponent.git",
                "reference": "0.2"
            },
            "dist": {
                "type": "zip",
                "url": "https://api.github.com/repos/InterNations/TestingComponent/zipball/0.2",
                "reference": "0.2",
                "shasum": ""
            },
            "type": "library",
            "autoload": {
                "psr-0": {
                    "InterNations\\Component\\Testing": "src/"
                }
            },
            "notification-url": "https://packagist.org/downloads/",
            "license": [
                "MIT"
            ],
            "authors": [
                {
                    "name": "Lars Strojny",
                    "email": "lars.strojny@internations.org"
                },
                {
                    "name": "Max Beutel",
                    "email": "max.beutel@internations.org"
                },
                {
                    "name": "Michael Weinrich",
                    "email": "michael.weinrich@internations.org"
                },
                {
                    "name": "Marc Jakubowski",
                    "email": "marc.jakubowski@internations.org"
                },
                {
                    "name": "Hans Bernhard Streit",
                    "email": "hans.streit@internations.org"
                }
            ],
            "description": "A collection of test helpers for Symfony 2 projects",
            "time": "2013-03-22 13:17:37"
        }
    ],
    "aliases": [

    ],
    "minimum-stability": "stable",
    "stability-flags": [

    ],
    "platform": [

    ],
    "platform-dev": [

    ]
}
